
Microsoft Visual Studio Solution File, Format Version 12.00
# Visual Studio Version 17
VisualStudioVersion = 17.11.35312.102
MinimumVisualStudioVersion = 10.0.40219.1
Project("{FAE04EC0-301F-11D3-BF4B-00C04F79EFBC}") = "MaxHeap", "MaxHeap\MaxHeap.csproj", "{D4433B33-4EE6-4C26-A19C-F5331053D042}"
EndProject
Global
	GlobalSection(SolutionConfigurationPlatforms) = preSolution
		Debug|Any CPU = Debug|Any CPU
		Release|Any CPU = Release|Any CPU
	EndGlobalSection
	GlobalSection(ProjectConfigurationPlatforms) = postSolution
		{D4433B33-4EE6-4C26-A19C-F5331053D042}.Debug|Any CPU.ActiveCfg = Debug|Any CPU
		{D4433B33-4EE6-4C26-A19C-F5331053D042}.Debug|Any CPU.Build.0 = Debug|Any CPU
		{D4433B33-4EE6-4C26-A19C-F5331053D042}.Release|Any CPU.ActiveCfg = Release|Any CPU
		{D4433B33-4EE6-4C26-A19C-F5331053D042}.Release|Any CPU.Build.0 = Release|Any CPU
	EndGlobalSection
	GlobalSection(SolutionProperties) = preSolution
		HideSolutionNode = FALSE
	EndGlobalSection
	GlobalSection(ExtensibilityGlobals) = postSolution
		SolutionGuid = {79C49D6D-7960-467E-BFBF-F4639FDD9144}
	EndGlobalSection
EndGlobal
